{
  "name": "200ok",
  "lockfileVersion": 2,
  "requires": true,
  "packages": {
    "": {
      "dependencies": {
        "@mui/styles": "^5.6.2",
        "@nivo/bar": "^0.79.1",
        "@nivo/core": "^0.79.0",
        "chart.js": "^3.7.1",
        "react-chartjs-2": "^4.1.0",
        "react-minimal-pie-chart": "^8.3.0"
      }
    },
    "node_modules/@babel/runtime": {
      "version": "7.17.9",
      "resolved": "https://registry.npmjs.org/@babel/runtime/-/runtime-7.17.9.tgz",
      "integrity": "sha512-lSiBBvodq29uShpWGNbgFdKYNiFDo5/HIYsaCEY9ff4sb10x9jizo2+pRrSyF4jKZCXqgzuqBOQKbUm90gQwJg==",
      "dependencies": {
        "regenerator-runtime": "^0.13.4"
      },
      "engines": {
        "node": ">=6.9.0"
      }
    },
    "node_modules/@emotion/hash": {
      "version": "0.8.0",
      "resolved": "https://registry.npmjs.org/@emotion/hash/-/hash-0.8.0.tgz",
      "integrity": "sha512-kBJtf7PH6aWwZ6fka3zQ0p6SBYzx4fl1LoZXE2RrnYST9Xljm7WfKJrU4g/Xr3Beg72MLrp1AWNUmuYJTL7Cow=="
    },
    "node_modules/@mui/private-theming": {
      "version": "5.6.2",
      "resolved": "https://registry.npmjs.org/@mui/private-theming/-/private-theming-5.6.2.tgz",
      "integrity": "sha512-IbrSfFXfiZdyhRMC2bgGTFtb16RBQ5mccmjeh3MtAERWuepiCK7gkW5D9WhEsfTu6iez+TEjeUKSgmMHlsM2mg==",
      "dependencies": {
        "@babel/runtime": "^7.17.2",
        "@mui/utils": "^5.6.1",
        "prop-types": "^15.7.2"
      },
      "engines": {
        "node": ">=12.0.0"
      },
      "funding": {
        "type": "opencollective",
        "url": "https://opencollective.com/mui"
      },
      "peerDependencies": {
        "@types/react": "^17.0.0 || ^18.0.0",
        "react": "^17.0.0 || ^18.0.0"
      },
      "peerDependenciesMeta": {
        "@types/react": {
          "optional": true
        }
      }
    },
    "node_modules/@mui/styles": {
      "version": "5.6.2",
      "resolved": "https://registry.npmjs.org/@mui/styles/-/styles-5.6.2.tgz",
      "integrity": "sha512-QxEP5BUJALljOm7GHi3FF5hUy41EvrYWy5DerVjwggi8g4j4RnFG6Ak+EKsfJhrLLZoBdOyvNSoBn3o3B3dCsA==",
      "dependencies": {
        "@babel/runtime": "^7.17.2",
        "@emotion/hash": "^0.8.0",
        "@mui/private-theming": "^5.6.2",
        "@mui/types": "^7.1.3",
        "@mui/utils": "^5.6.1",
        "clsx": "^1.1.1",
        "csstype": "^3.0.11",
        "hoist-non-react-statics": "^3.3.2",
        "jss": "^10.8.2",
        "jss-plugin-camel-case": "^10.8.2",
        "jss-plugin-default-unit": "^10.8.2",
        "jss-plugin-global": "^10.8.2",
        "jss-plugin-nested": "^10.8.2",
        "jss-plugin-props-sort": "^10.8.2",
        "jss-plugin-rule-value-function": "^10.8.2",
        "jss-plugin-vendor-prefixer": "^10.8.2",
        "prop-types": "^15.7.2"
      },
      "engines": {
        "node": ">=12.0.0"
      },
      "funding": {
        "type": "opencollective",
        "url": "https://opencollective.com/mui"
      },
      "peerDependencies": {
        "@types/react": "^17.0.0",
        "react": "^17.0.0"
      },
      "peerDependenciesMeta": {
        "@types/react": {
          "optional": true
        }
      }
    },
    "node_modules/@mui/types": {
      "version": "7.1.3",
      "resolved": "https://registry.npmjs.org/@mui/types/-/types-7.1.3.tgz",
      "integrity": "sha512-DDF0UhMBo4Uezlk+6QxrlDbchF79XG6Zs0zIewlR4c0Dt6GKVFfUtzPtHCH1tTbcSlq/L2bGEdiaoHBJ9Y1gSA==",
      "peerDependencies": {
        "@types/react": "*"
      },
      "peerDependenciesMeta": {
        "@types/react": {
          "optional": true
        }
      }
    },
    "node_modules/@mui/utils": {
      "version": "5.6.1",
      "resolved": "https://registry.npmjs.org/@mui/utils/-/utils-5.6.1.tgz",
      "integrity": "sha512-CPrzrkiBusCZBLWu0Sg5MJvR3fKJyK3gKecLVX012LULyqg2U64Oz04BKhfkbtBrPBbSQxM+DWW9B1c9hmV9nQ==",
      "dependencies": {
        "@babel/runtime": "^7.17.2",
        "@types/prop-types": "^15.7.4",
        "@types/react-is": "^16.7.1 || ^17.0.0",
        "prop-types": "^15.7.2",
        "react-is": "^17.0.2"
      },
      "engines": {
        "node": ">=12.0.0"
      },
      "funding": {
        "type": "opencollective",
        "url": "https://opencollective.com/mui"
      },
      "peerDependencies": {
        "react": "^17.0.0 || ^18.0.0"
      }
    },
    "node_modules/@nivo/annotations": {
      "version": "0.79.1",
      "resolved": "https://registry.npmjs.org/@nivo/annotations/-/annotations-0.79.1.tgz",
      "integrity": "sha512-lYso9Luu0maSDtIufwvyVt2+Wue7R9Fh3CIjuRDmNR72UjAgAVEcCar27Fy865UXGsj2hRJZ7KY/1s6kT3gu/w==",
      "dependencies": {
        "@nivo/colors": "0.79.1",
        "@react-spring/web": "9.3.1",
        "lodash": "^4.17.21"
      },
      "peerDependencies": {
        "@nivo/core": "0.79.0",
        "react": ">= 16.14.0 < 18.0.0"
      }
    },
    "node_modules/@nivo/axes": {
      "version": "0.79.0",
      "resolved": "https://registry.npmjs.org/@nivo/axes/-/axes-0.79.0.tgz",
      "integrity": "sha512-EhSeCPxtWEuxqnifeyF/pIJEzL7pRM3rfygL+MpfT5ypu5NcXYRGQo/Bw0Vh+GF1ML+tNAE0rRvCu2jgLSdVNQ==",
      "dependencies": {
        "@nivo/scales": "0.79.0",
        "@react-spring/web": "9.3.1",
        "d3-format": "^1.4.4",
        "d3-time-format": "^3.0.0"
      },
      "peerDependencies": {
        "@nivo/core": "0.79.0",
        "prop-types": ">= 15.5.10 < 16.0.0",
        "react": ">= 16.14.0 < 18.0.0"
      }
    },
    "node_modules/@nivo/bar": {
      "version": "0.79.1",
      "resolved": "https://registry.npmjs.org/@nivo/bar/-/bar-0.79.1.tgz",
      "integrity": "sha512-swJ2FtFeRPWJK9O6aZiqTDi2J6GrU2Z6kIHBBCXBlFmq6+vfd5AqOHytdXPTaN80JsKDBBdtY7tqRjpRPlDZwQ==",
      "dependencies": {
        "@nivo/annotations": "0.79.1",
        "@nivo/axes": "0.79.0",
        "@nivo/colors": "0.79.1",
        "@nivo/legends": "0.79.1",
        "@nivo/scales": "0.79.0",
        "@nivo/tooltip": "0.79.0",
        "@react-spring/web": "9.3.1",
        "d3-scale": "^3.2.3",
        "d3-shape": "^1.2.2",
        "lodash": "^4.17.21"
      },
      "peerDependencies": {
        "@nivo/core": "0.79.0",
        "react": ">= 16.14.0 < 18.0.0"
      }
    },
    "node_modules/@nivo/colors": {
      "version": "0.79.1",
      "resolved": "https://registry.npmjs.org/@nivo/colors/-/colors-0.79.1.tgz",
      "integrity": "sha512-45huBmz46OoQtfqzHrnqDJ9msebOBX84fTijyOBi8mn8iTDOK2xWgzT7cCYP3hKE58IclkibkzVyWCeJ+rUlqg==",
      "dependencies": {
        "d3-color": "^2.0.0",
        "d3-scale": "^3.2.3",
        "d3-scale-chromatic": "^2.0.0",
        "lodash": "^4.17.21"
      },
      "peerDependencies": {
        "@nivo/core": "0.79.0",
        "prop-types": ">= 15.5.10 < 16.0.0",
        "react": ">= 16.14.0 < 18.0.0"
      }
    },
    "node_modules/@nivo/core": {
      "version": "0.79.0",
      "resolved": "https://registry.npmjs.org/@nivo/core/-/core-0.79.0.tgz",
      "integrity": "sha512-e1iGodmGuXkF+QWAjhHVFc+lUnfBoUwaWqVcBXBfebzNc50tTJrTTMHyQczjgOIfTc8gEu23lAY4mVZCDKscig==",
      "dependencies": {
        "@nivo/recompose": "0.79.0",
        "@react-spring/web": "9.3.1",
        "d3-color": "^2.0.0",
        "d3-format": "^1.4.4",
        "d3-interpolate": "^2.0.1",
        "d3-scale": "^3.2.3",
        "d3-scale-chromatic": "^2.0.0",
        "d3-shape": "^1.3.5",
        "d3-time-format": "^3.0.0",
        "lodash": "^4.17.21"
      },
      "peerDependencies": {
        "@nivo/tooltip": "0.79.0",
        "prop-types": ">= 15.5.10 < 16.0.0",
        "react": ">= 16.14.0 < 18.0.0"
      }
    },
    "node_modules/@nivo/legends": {
      "version": "0.79.1",
      "resolved": "https://registry.npmjs.org/@nivo/legends/-/legends-0.79.1.tgz",
      "integrity": "sha512-AoabiLherOAk3/HR/N791fONxNdwNk/gCTJC/6BKUo2nX+JngEYm3nVFmTC1R6RdjwJTeCb9Vtuc4MHA+mcgig==",
      "peerDependencies": {
        "@nivo/core": "0.79.0",
        "prop-types": ">= 15.5.10 < 16.0.0",
        "react": ">= 16.14.0 < 18.0.0"
      }
    },
    "node_modules/@nivo/recompose": {
      "version": "0.79.0",
      "resolved": "https://registry.npmjs.org/@nivo/recompose/-/recompose-0.79.0.tgz",
      "integrity": "sha512-2GFnOHfA2jzTOA5mdKMwJ6myCRGoXQQbQvFFQ7B/+hnHfU/yrOVpiGt6TPAn3qReC4dyDYrzy1hr9UeQh677ig==",
      "dependencies": {
        "react-lifecycles-compat": "^3.0.4"
      },
      "peerDependencies": {
        "react": ">= 16.14.0 < 18.0.0"
      }
    },
    "node_modules/@nivo/scales": {
      "version": "0.79.0",
      "resolved": "https://registry.npmjs.org/@nivo/scales/-/scales-0.79.0.tgz",
      "integrity": "sha512-5fAt5Wejp8yzAk6qmA3KU+celCxNYrrBhfvOi2ECDG8KQi+orbDnrO6qjVF6+ebfOn9az8ZVukcSeGA5HceiMg==",
      "dependencies": {
        "d3-scale": "^3.2.3",
        "d3-time": "^1.0.11",
        "d3-time-format": "^3.0.0",
        "lodash": "^4.17.21"
      }
    },
    "node_modules/@nivo/tooltip": {
      "version": "0.79.0",
      "resolved": "https://registry.npmjs.org/@nivo/tooltip/-/tooltip-0.79.0.tgz",
      "integrity": "sha512-hsJsvhDVR9P/QqIEDIttaA6aslR3tU9So1s/k2jMdppL7J9ZH/IrVx9TbIP7jDKmnU5AMIP5uSstXj9JiKLhQA==",
      "dependencies": {
        "@react-spring/web": "9.3.1"
      },
      "peerDependencies": {
        "@nivo/core": "0.79.0"
      }
    },
    "node_modules/@react-spring/animated": {
      "version": "9.3.2",
      "resolved": "https://registry.npmjs.org/@react-spring/animated/-/animated-9.3.2.tgz",
      "integrity": "sha512-pBvKydRHbTzuyaeHtxGIOvnskZxGo/S5/YK1rtYm88b9NQZuZa95Rgd3O0muFL+99nvBMBL8cvQGD0UJmsqQsg==",
      "dependencies": {
        "@react-spring/shared": "~9.3.0",
        "@react-spring/types": "~9.3.0"
      },
      "peerDependencies": {
        "react": "^16.8.0  || ^17.0.0"
      }
    },
    "node_modules/@react-spring/core": {
      "version": "9.3.2",
      "resolved": "https://registry.npmjs.org/@react-spring/core/-/core-9.3.2.tgz",
      "integrity": "sha512-kMRjkgdQ6LJ0lmb/wQlONpghaMT83UxglXHJC6m9kZS/GKVmN//TYMEK85xN1rC5Gg+BmjG61DtLCSkkLDTfNw==",
      "dependencies": {
        "@react-spring/animated": "~9.3.0",
        "@react-spring/shared": "~9.3.0",
        "@react-spring/types": "~9.3.0"
      },
      "funding": {
        "type": "opencollective",
        "url": "https://opencollective.com/react-spring/donate"
      },
      "peerDependencies": {
        "react": "^16.8.0  || ^17.0.0"
      }
    },
    "node_modules/@react-spring/rafz": {
      "version": "9.3.2",
      "resolved": "https://registry.npmjs.org/@react-spring/rafz/-/rafz-9.3.2.tgz",
      "integrity": "sha512-YtqNnAYp5bl6NdnDOD5TcYS40VJmB+Civ4LPtcWuRPKDAOa/XAf3nep48r0wPTmkK936mpX8aIm7h+luW59u5A=="
    },
    "node_modules/@react-spring/shared": {
      "version": "9.3.2",
      "resolved": "https://registry.npmjs.org/@react-spring/shared/-/shared-9.3.2.tgz",
      "integrity": "sha512-ypGQQ8w7mWnrELLon4h6mBCBxdd8j1pgLzmHXLpTC/f4ya2wdP+0WIKBWXJymIf+5NiTsXgSJra5SnHP5FBY+A==",
      "dependencies": {
        "@react-spring/rafz": "~9.3.0",
        "@react-spring/types": "~9.3.0"
      },
      "peerDependencies": {
        "react": "^16.8.0  || ^17.0.0"
      }
    },
    "node_modules/@react-spring/types": {
      "version": "9.3.2",
      "resolved": "https://registry.npmjs.org/@react-spring/types/-/types-9.3.2.tgz",
      "integrity": "sha512-u+IK9z9Re4hjNkBYKebZr7xVDYTai2RNBsI4UPL/k0B6lCNSwuqWIXfKZUDVlMOeZHtDqayJn4xz6HcSkTj3FQ=="
    },
    "node_modules/@react-spring/web": {
      "version": "9.3.1",
      "resolved": "https://registry.npmjs.org/@react-spring/web/-/web-9.3.1.tgz",
      "integrity": "sha512-sisZIgFGva/Z+xKWPSfXpukF0AP3kR9ALTxlHL87fVotMUCJX5vtH/YlVcywToEFwTHKt3MpI5Wy2M+vgVEeaw==",
      "dependencies": {
        "@react-spring/animated": "~9.3.0",
        "@react-spring/core": "~9.3.0",
        "@react-spring/shared": "~9.3.0",
        "@react-spring/types": "~9.3.0"
      },
      "peerDependencies": {
        "react": "^16.8.0  || ^17.0.0",
        "react-dom": "^16.8.0  || ^17.0.0"
      }
    },
    "node_modules/@types/prop-types": {
      "version": "15.7.5",
      "resolved": "https://registry.npmjs.org/@types/prop-types/-/prop-types-15.7.5.tgz",
      "integrity": "sha512-JCB8C6SnDoQf0cNycqd/35A7MjcnK+ZTqE7judS6o7utxUCg6imJg3QK2qzHKszlTjcj2cn+NwMB2i96ubpj7w=="
    },
    "node_modules/@types/react": {
      "version": "18.0.6",
      "resolved": "https://registry.npmjs.org/@types/react/-/react-18.0.6.tgz",
      "integrity": "sha512-bPqwzJRzKtfI0mVYr5R+1o9BOE8UEXefwc1LwcBtfnaAn6OoqMhLa/91VA8aeWfDPJt1kHvYKI8RHcQybZLHHA==",
      "dependencies": {
        "@types/prop-types": "*",
        "@types/scheduler": "*",
        "csstype": "^3.0.2"
      }
    },
    "node_modules/@types/react-is": {
      "version": "17.0.3",
      "resolved": "https://registry.npmjs.org/@types/react-is/-/react-is-17.0.3.tgz",
      "integrity": "sha512-aBTIWg1emtu95bLTLx0cpkxwGW3ueZv71nE2YFBpL8k/z5czEW8yYpOo8Dp+UUAFAtKwNaOsh/ioSeQnWlZcfw==",
      "dependencies": {
        "@types/react": "*"
      }
    },
    "node_modules/@types/scheduler": {
      "version": "0.16.2",
      "resolved": "https://registry.npmjs.org/@types/scheduler/-/scheduler-0.16.2.tgz",
      "integrity": "sha512-hppQEBDmlwhFAXKJX2KnWLYu5yMfi91yazPb2l+lbJiwW+wdo1gNeRA+3RgNSO39WYX2euey41KEwnqesU2Jew=="
    },
    "node_modules/chart.js": {
      "version": "3.7.1",
      "resolved": "https://registry.npmjs.org/chart.js/-/chart.js-3.7.1.tgz",
      "integrity": "sha512-8knRegQLFnPQAheZV8MjxIXc5gQEfDFD897BJgv/klO/vtIyFFmgMXrNfgrXpbTr/XbTturxRgxIXx/Y+ASJBA=="
    },
    "node_modules/clsx": {
      "version": "1.1.1",
      "resolved": "https://registry.npmjs.org/clsx/-/clsx-1.1.1.tgz",
      "integrity": "sha512-6/bPho624p3S2pMyvP5kKBPXnI3ufHLObBFCfgx+LkeR5lg2XYy2hqZqUf45ypD8COn2bhgGJSUE+l5dhNBieA==",
      "engines": {
        "node": ">=6"
      }
    },
    "node_modules/css-vendor": {
      "version": "2.0.8",
      "resolved": "https://registry.npmjs.org/css-vendor/-/css-vendor-2.0.8.tgz",
      "integrity": "sha512-x9Aq0XTInxrkuFeHKbYC7zWY8ai7qJ04Kxd9MnvbC1uO5DagxoHQjm4JvG+vCdXOoFtCjbL2XSZfxmoYa9uQVQ==",
      "dependencies": {
        "@babel/runtime": "^7.8.3",
        "is-in-browser": "^1.0.2"
      }
    },
    "node_modules/csstype": {
      "version": "3.0.11",
      "resolved": "https://registry.npmjs.org/csstype/-/csstype-3.0.11.tgz",
      "integrity": "sha512-sa6P2wJ+CAbgyy4KFssIb/JNMLxFvKF1pCYCSXS8ZMuqZnMsrxqI2E5sPyoTpxoPU/gVZMzr2zjOfg8GIZOMsw=="
    },
    "node_modules/d3-array": {
      "version": "2.12.1",
      "resolved": "https://registry.npmjs.org/d3-array/-/d3-array-2.12.1.tgz",
      "integrity": "sha512-B0ErZK/66mHtEsR1TkPEEkwdy+WDesimkM5gpZr5Dsg54BiTA5RXtYW5qTLIAcekaS9xfZrzBLF/OAkB3Qn1YQ==",
      "dependencies": {
        "internmap": "^1.0.0"
      }
    },
    "node_modules/d3-color": {
      "version": "2.0.0",
      "resolved": "https://registry.npmjs.org/d3-color/-/d3-color-2.0.0.tgz",
      "integrity": "sha512-SPXi0TSKPD4g9tw0NMZFnR95XVgUZiBH+uUTqQuDu1OsE2zomHU7ho0FISciaPvosimixwHFl3WHLGabv6dDgQ=="
    },
    "node_modules/d3-format": {
      "version": "1.4.5",
      "resolved": "https://registry.npmjs.org/d3-format/-/d3-format-1.4.5.tgz",
      "integrity": "sha512-J0piedu6Z8iB6TbIGfZgDzfXxUFN3qQRMofy2oPdXzQibYGqPB/9iMcxr/TGalU+2RsyDO+U4f33id8tbnSRMQ=="
    },
    "node_modules/d3-interpolate": {
      "version": "2.0.1",
      "resolved": "https://registry.npmjs.org/d3-interpolate/-/d3-interpolate-2.0.1.tgz",
      "integrity": "sha512-c5UhwwTs/yybcmTpAVqwSFl6vrQ8JZJoT5F7xNFK9pymv5C0Ymcc9/LIJHtYIggg/yS9YHw8i8O8tgb9pupjeQ==",
      "dependencies": {
        "d3-color": "1 - 2"
      }
    },
    "node_modules/d3-path": {
      "version": "1.0.9",
      "resolved": "https://registry.npmjs.org/d3-path/-/d3-path-1.0.9.tgz",
      "integrity": "sha512-VLaYcn81dtHVTjEHd8B+pbe9yHWpXKZUC87PzoFmsFrJqgFwDe/qxfp5MlfsfM1V5E/iVt0MmEbWQ7FVIXh/bg=="
    },
    "node_modules/d3-scale": {
      "version": "3.3.0",
      "resolved": "https://registry.npmjs.org/d3-scale/-/d3-scale-3.3.0.tgz",
      "integrity": "sha512-1JGp44NQCt5d1g+Yy+GeOnZP7xHo0ii8zsQp6PGzd+C1/dl0KGsp9A7Mxwp+1D1o4unbTTxVdU/ZOIEBoeZPbQ==",
      "dependencies": {
        "d3-array": "^2.3.0",
        "d3-format": "1 - 2",
        "d3-interpolate": "1.2.0 - 2",
        "d3-time": "^2.1.1",
        "d3-time-format": "2 - 3"
      }
    },
    "node_modules/d3-scale-chromatic": {
      "version": "2.0.0",
      "resolved": "https://registry.npmjs.org/d3-scale-chromatic/-/d3-scale-chromatic-2.0.0.tgz",
      "integrity": "sha512-LLqy7dJSL8yDy7NRmf6xSlsFZ6zYvJ4BcWFE4zBrOPnQERv9zj24ohnXKRbyi9YHnYV+HN1oEO3iFK971/gkzA==",
      "dependencies": {
        "d3-color": "1 - 2",
        "d3-interpolate": "1 - 2"
      }
    },
    "node_modules/d3-scale/node_modules/d3-time": {
      "version": "2.1.1",
      "resolved": "https://registry.npmjs.org/d3-time/-/d3-time-2.1.1.tgz",
      "integrity": "sha512-/eIQe/eR4kCQwq7yxi7z4c6qEXf2IYGcjoWB5OOQy4Tq9Uv39/947qlDcN2TLkiTzQWzvnsuYPB9TrWaNfipKQ==",
      "dependencies": {
        "d3-array": "2"
      }
    },
    "node_modules/d3-shape": {
      "version": "1.3.7",
      "resolved": "https://registry.npmjs.org/d3-shape/-/d3-shape-1.3.7.tgz",
      "integrity": "sha512-EUkvKjqPFUAZyOlhY5gzCxCeI0Aep04LwIRpsZ/mLFelJiUfnK56jo5JMDSE7yyP2kLSb6LtF+S5chMk7uqPqw==",
      "dependencies": {
        "d3-path": "1"
      }
    },
    "node_modules/d3-time": {
      "version": "1.1.0",
      "resolved": "https://registry.npmjs.org/d3-time/-/d3-time-1.1.0.tgz",
      "integrity": "sha512-Xh0isrZ5rPYYdqhAVk8VLnMEidhz5aP7htAADH6MfzgmmicPkTo8LhkLxci61/lCB7n7UmE3bN0leRt+qvkLxA=="
    },
    "node_modules/d3-time-format": {
      "version": "3.0.0",
      "resolved": "https://registry.npmjs.org/d3-time-format/-/d3-time-format-3.0.0.tgz",
      "integrity": "sha512-UXJh6EKsHBTjopVqZBhFysQcoXSv/5yLONZvkQ5Kk3qbwiUYkdX17Xa1PT6U1ZWXGGfB1ey5L8dKMlFq2DO0Ag==",
      "dependencies": {
        "d3-time": "1 - 2"
      }
    },
    "node_modules/hoist-non-react-statics": {
      "version": "3.3.2",
      "resolved": "https://registry.npmjs.org/hoist-non-react-statics/-/hoist-non-react-statics-3.3.2.tgz",
      "integrity": "sha512-/gGivxi8JPKWNm/W0jSmzcMPpfpPLc3dY/6GxhX2hQ9iGj3aDfklV4ET7NjKpSinLpJ5vafa9iiGIEZg10SfBw==",
      "dependencies": {
        "react-is": "^16.7.0"
      }
    },
    "node_modules/hoist-non-react-statics/node_modules/react-is": {
      "version": "16.13.1",
      "resolved": "https://registry.npmjs.org/react-is/-/react-is-16.13.1.tgz",
      "integrity": "sha512-24e6ynE2H+OKt4kqsOvNd8kBpV65zoxbA4BVsEOB3ARVWQki/DHzaUoC5KuON/BiccDaCCTZBuOcfZs70kR8bQ=="
    },
    "node_modules/hyphenate-style-name": {
      "version": "1.0.4",
      "resolved": "https://registry.npmjs.org/hyphenate-style-name/-/hyphenate-style-name-1.0.4.tgz",
      "integrity": "sha512-ygGZLjmXfPHj+ZWh6LwbC37l43MhfztxetbFCoYTM2VjkIUpeHgSNn7QIyVFj7YQ1Wl9Cbw5sholVJPzWvC2MQ=="
    },
    "node_modules/internmap": {
      "version": "1.0.1",
      "resolved": "https://registry.npmjs.org/internmap/-/internmap-1.0.1.tgz",
      "integrity": "sha512-lDB5YccMydFBtasVtxnZ3MRBHuaoE8GKsppq+EchKL2U4nK/DmEpPHNH8MZe5HkMtpSiTSOZwfN0tzYjO/lJEw=="
    },
    "node_modules/is-in-browser": {
      "version": "1.1.3",
      "resolved": "https://registry.npmjs.org/is-in-browser/-/is-in-browser-1.1.3.tgz",
      "integrity": "sha1-Vv9NtoOgeMYILrldrX3GLh0E+DU="
    },
    "node_modules/js-tokens": {
      "version": "4.0.0",
      "resolved": "https://registry.npmjs.org/js-tokens/-/js-tokens-4.0.0.tgz",
      "integrity": "sha512-RdJUflcE3cUzKiMqQgsCu06FPu9UdIJO0beYbPhHN4k6apgJtifcoCtT9bcxOpYBtpD2kCM6Sbzg4CausW/PKQ=="
    },
    "node_modules/jss": {
      "version": "10.9.0",
      "resolved": "https://registry.npmjs.org/jss/-/jss-10.9.0.tgz",
      "integrity": "sha512-YpzpreB6kUunQBbrlArlsMpXYyndt9JATbt95tajx0t4MTJJcCJdd4hdNpHmOIDiUJrF/oX5wtVFrS3uofWfGw==",
      "dependencies": {
        "@babel/runtime": "^7.3.1",
        "csstype": "^3.0.2",
        "is-in-browser": "^1.1.3",
        "tiny-warning": "^1.0.2"
      },
      "funding": {
        "type": "opencollective",
        "url": "https://opencollective.com/jss"
      }
    },
    "node_modules/jss-plugin-camel-case": {
      "version": "10.9.0",
      "resolved": "https://registry.npmjs.org/jss-plugin-camel-case/-/jss-plugin-camel-case-10.9.0.tgz",
      "integrity": "sha512-UH6uPpnDk413/r/2Olmw4+y54yEF2lRIV8XIZyuYpgPYTITLlPOsq6XB9qeqv+75SQSg3KLocq5jUBXW8qWWww==",
      "dependencies": {
        "@babel/runtime": "^7.3.1",
        "hyphenate-style-name": "^1.0.3",
        "jss": "10.9.0"
      }
    },
    "node_modules/jss-plugin-default-unit": {
      "version": "10.9.0",
      "resolved": "https://registry.npmjs.org/jss-plugin-default-unit/-/jss-plugin-default-unit-10.9.0.tgz",
      "integrity": "sha512-7Ju4Q9wJ/MZPsxfu4T84mzdn7pLHWeqoGd/D8O3eDNNJ93Xc8PxnLmV8s8ZPNRYkLdxZqKtm1nPQ0BM4JRlq2w==",
      "dependencies": {
        "@babel/runtime": "^7.3.1",
        "jss": "10.9.0"
      }
    },
    "node_modules/jss-plugin-global": {
      "version": "10.9.0",
      "resolved": "https://registry.npmjs.org/jss-plugin-global/-/jss-plugin-global-10.9.0.tgz",
      "integrity": "sha512-4G8PHNJ0x6nwAFsEzcuVDiBlyMsj2y3VjmFAx/uHk/R/gzJV+yRHICjT4MKGGu1cJq2hfowFWCyrr/Gg37FbgQ==",
      "dependencies": {
        "@babel/runtime": "^7.3.1",
        "jss": "10.9.0"
      }
    },
    "node_modules/jss-plugin-nested": {
      "version": "10.9.0",
      "resolved": "https://registry.npmjs.org/jss-plugin-nested/-/jss-plugin-nested-10.9.0.tgz",
      "integrity": "sha512-2UJnDrfCZpMYcpPYR16oZB7VAC6b/1QLsRiAutOt7wJaaqwCBvNsosLEu/fUyKNQNGdvg2PPJFDO5AX7dwxtoA==",
      "dependencies": {
        "@babel/runtime": "^7.3.1",
        "jss": "10.9.0",
        "tiny-warning": "^1.0.2"
      }
    },
    "node_modules/jss-plugin-props-sort": {
      "version": "10.9.0",
      "resolved": "https://registry.npmjs.org/jss-plugin-props-sort/-/jss-plugin-props-sort-10.9.0.tgz",
      "integrity": "sha512-7A76HI8bzwqrsMOJTWKx/uD5v+U8piLnp5bvru7g/3ZEQOu1+PjHvv7bFdNO3DwNPC9oM0a//KwIJsIcDCjDzw==",
      "dependencies": {
        "@babel/runtime": "^7.3.1",
        "jss": "10.9.0"
      }
    },
    "node_modules/jss-plugin-rule-value-function": {
      "version": "10.9.0",
      "resolved": "https://registry.npmjs.org/jss-plugin-rule-value-function/-/jss-plugin-rule-value-function-10.9.0.tgz",
      "integrity": "sha512-IHJv6YrEf8pRzkY207cPmdbBstBaE+z8pazhPShfz0tZSDtRdQua5jjg6NMz3IbTasVx9FdnmptxPqSWL5tyJg==",
      "dependencies": {
        "@babel/runtime": "^7.3.1",
        "jss": "10.9.0",
        "tiny-warning": "^1.0.2"
      }
    },
    "node_modules/jss-plugin-vendor-prefixer": {
      "version": "10.9.0",
      "resolved": "https://registry.npmjs.org/jss-plugin-vendor-prefixer/-/jss-plugin-vendor-prefixer-10.9.0.tgz",
      "integrity": "sha512-MbvsaXP7iiVdYVSEoi+blrW+AYnTDvHTW6I6zqi7JcwXdc6I9Kbm234nEblayhF38EftoenbM+5218pidmC5gA==",
      "dependencies": {
        "@babel/runtime": "^7.3.1",
        "css-vendor": "^2.0.8",
        "jss": "10.9.0"
      }
    },
    "node_modules/lodash": {
      "version": "4.17.21",
      "resolved": "https://registry.npmjs.org/lodash/-/lodash-4.17.21.tgz",
      "integrity": "sha512-v2kDEe57lecTulaDIuNTPy3Ry4gLGJ6Z1O3vE1krgXZNrsQ+LFTGHVxVjcXPs17LhbZVGedAJv8XZ1tvj5FvSg=="
    },
    "node_modules/loose-envify": {
      "version": "1.4.0",
      "resolved": "https://registry.npmjs.org/loose-envify/-/loose-envify-1.4.0.tgz",
      "integrity": "sha512-lyuxPGr/Wfhrlem2CL/UcnUc1zcqKAImBDzukY7Y5F/yQiNdko6+fRLevlw1HgMySw7f611UIY408EtxRSoK3Q==",
      "dependencies": {
        "js-tokens": "^3.0.0 || ^4.0.0"
      },
      "bin": {
        "loose-envify": "cli.js"
      }
    },
    "node_modules/object-assign": {
      "version": "4.1.1",
      "resolved": "https://registry.npmjs.org/object-assign/-/object-assign-4.1.1.tgz",
      "integrity": "sha1-IQmtx5ZYh8/AXLvUQsrIv7s2CGM=",
      "engines": {
        "node": ">=0.10.0"
      }
    },
    "node_modules/prop-types": {
      "version": "15.8.1",
      "resolved": "https://registry.npmjs.org/prop-types/-/prop-types-15.8.1.tgz",
      "integrity": "sha512-oj87CgZICdulUohogVAR7AjlC0327U4el4L6eAvOqCeudMDVU0NThNaV+b9Df4dXgSP1gXMTnPdhfe/2qDH5cg==",
      "dependencies": {
        "loose-envify": "^1.4.0",
        "object-assign": "^4.1.1",
        "react-is": "^16.13.1"
      }
    },
    "node_modules/prop-types/node_modules/react-is": {
      "version": "16.13.1",
      "resolved": "https://registry.npmjs.org/react-is/-/react-is-16.13.1.tgz",
      "integrity": "sha512-24e6ynE2H+OKt4kqsOvNd8kBpV65zoxbA4BVsEOB3ARVWQki/DHzaUoC5KuON/BiccDaCCTZBuOcfZs70kR8bQ=="
    },
    "node_modules/react-chartjs-2": {
      "version": "4.1.0",
      "resolved": "https://registry.npmjs.org/react-chartjs-2/-/react-chartjs-2-4.1.0.tgz",
      "integrity": "sha512-AsUihxEp8Jm1oBhbEovE+w50m9PVNhz1sfwEIT4hZduRC0m14gHWHd0cUaxkFDb8HNkdMIGzsNlmVqKiOpU74g==",
      "peerDependencies": {
        "chart.js": "^3.5.0",
        "react": "^16.8.0 || ^17.0.0 || ^18.0.0"
      }
    },
    "node_modules/react-is": {
      "version": "17.0.2",
      "resolved": "https://registry.npmjs.org/react-is/-/react-is-17.0.2.tgz",
      "integrity": "sha512-w2GsyukL62IJnlaff/nRegPQR94C/XXamvMWmSHRJ4y7Ts/4ocGRmTHvOs8PSE6pB3dWOrD/nueuU5sduBsQ4w=="
    },
    "node_modules/react-lifecycles-compat": {
      "version": "3.0.4",
      "resolved": "https://registry.npmjs.org/react-lifecycles-compat/-/react-lifecycles-compat-3.0.4.tgz",
      "integrity": "sha512-fBASbA6LnOU9dOU2eW7aQ8xmYBSXUIWr+UmF9b1efZBazGNO+rcXT/icdKnYm2pTwcRylVUYwW7H1PHfLekVzA=="
    },
    "node_modules/react-minimal-pie-chart": {
      "version": "8.3.0",
      "resolved": "https://registry.npmjs.org/react-minimal-pie-chart/-/react-minimal-pie-chart-8.3.0.tgz",
      "integrity": "sha512-ICot74PGPrmGkaie8O+5tRZ5ivukYQ3fRN5ppvw1J01sIa5tHO9cekakyv9nXUkxKifiKn/FQu5uWHfSD39mRQ==",
      "peerDependencies": {
        "react": "^16.8.0 || ^17.0.0 || ^18",
        "react-dom": "^16.8.0 || ^17.0.0 || ^18"
      }
    },
    "node_modules/regenerator-runtime": {
      "version": "0.13.9",
      "resolved": "https://registry.npmjs.org/regenerator-runtime/-/regenerator-runtime-0.13.9.tgz",
      "integrity": "sha512-p3VT+cOEgxFsRRA9X4lkI1E+k2/CtnKtU4gcxyaCUreilL/vqI6CdZ3wxVUx3UOUg+gnUOQQcRI7BmSI656MYA=="
    },
    "node_modules/tiny-warning": {
      "version": "1.0.3",
      "resolved": "https://registry.npmjs.org/tiny-warning/-/tiny-warning-1.0.3.tgz",
      "integrity": "sha512-lBN9zLN/oAf68o3zNXYrdCt1kP8WsiGW8Oo2ka41b2IM5JL/S1CTyX1rW0mb/zSuJun0ZUrDxx4sqvYS2FWzPA=="
    }
  },
  "dependencies": {
    "@babel/runtime": {
      "version": "7.17.9",
      "resolved": "https://registry.npmjs.org/@babel/runtime/-/runtime-7.17.9.tgz",
      "integrity": "sha512-lSiBBvodq29uShpWGNbgFdKYNiFDo5/HIYsaCEY9ff4sb10x9jizo2+pRrSyF4jKZCXqgzuqBOQKbUm90gQwJg==",
      "requires": {
        "regenerator-runtime": "^0.13.4"
      }
    },
    "@emotion/hash": {
      "version": "0.8.0",
      "resolved": "https://registry.npmjs.org/@emotion/hash/-/hash-0.8.0.tgz",
      "integrity": "sha512-kBJtf7PH6aWwZ6fka3zQ0p6SBYzx4fl1LoZXE2RrnYST9Xljm7WfKJrU4g/Xr3Beg72MLrp1AWNUmuYJTL7Cow=="
    },
    "@mui/private-theming": {
      "version": "5.6.2",
      "resolved": "https://registry.npmjs.org/@mui/private-theming/-/private-theming-5.6.2.tgz",
      "integrity": "sha512-IbrSfFXfiZdyhRMC2bgGTFtb16RBQ5mccmjeh3MtAERWuepiCK7gkW5D9WhEsfTu6iez+TEjeUKSgmMHlsM2mg==",
      "requires": {
        "@babel/runtime": "^7.17.2",
        "@mui/utils": "^5.6.1",
        "prop-types": "^15.7.2"
      }
    },
    "@mui/styles": {
      "version": "5.6.2",
      "resolved": "https://registry.npmjs.org/@mui/styles/-/styles-5.6.2.tgz",
      "integrity": "sha512-QxEP5BUJALljOm7GHi3FF5hUy41EvrYWy5DerVjwggi8g4j4RnFG6Ak+EKsfJhrLLZoBdOyvNSoBn3o3B3dCsA==",
      "requires": {
        "@babel/runtime": "^7.17.2",
        "@emotion/hash": "^0.8.0",
        "@mui/private-theming": "^5.6.2",
        "@mui/types": "^7.1.3",
        "@mui/utils": "^5.6.1",
        "clsx": "^1.1.1",
        "csstype": "^3.0.11",
        "hoist-non-react-statics": "^3.3.2",
        "jss": "^10.8.2",
        "jss-plugin-camel-case": "^10.8.2",
        "jss-plugin-default-unit": "^10.8.2",
        "jss-plugin-global": "^10.8.2",
        "jss-plugin-nested": "^10.8.2",
        "jss-plugin-props-sort": "^10.8.2",
        "jss-plugin-rule-value-function": "^10.8.2",
        "jss-plugin-vendor-prefixer": "^10.8.2",
        "prop-types": "^15.7.2"
      }
    },
    "@mui/types": {
      "version": "7.1.3",
      "resolved": "https://registry.npmjs.org/@mui/types/-/types-7.1.3.tgz",
      "integrity": "sha512-DDF0UhMBo4Uezlk+6QxrlDbchF79XG6Zs0zIewlR4c0Dt6GKVFfUtzPtHCH1tTbcSlq/L2bGEdiaoHBJ9Y1gSA=="
    },
    "@mui/utils": {
      "version": "5.6.1",
      "resolved": "https://registry.npmjs.org/@mui/utils/-/utils-5.6.1.tgz",
      "integrity": "sha512-CPrzrkiBusCZBLWu0Sg5MJvR3fKJyK3gKecLVX012LULyqg2U64Oz04BKhfkbtBrPBbSQxM+DWW9B1c9hmV9nQ==",
      "requires": {
        "@babel/runtime": "^7.17.2",
        "@types/prop-types": "^15.7.4",
        "@types/react-is": "^16.7.1 || ^17.0.0",
        "prop-types": "^15.7.2",
        "react-is": "^17.0.2"
      }
    },
    "@nivo/annotations": {
      "version": "0.79.1",
      "resolved": "https://registry.npmjs.org/@nivo/annotations/-/annotations-0.79.1.tgz",
      "integrity": "sha512-lYso9Luu0maSDtIufwvyVt2+Wue7R9Fh3CIjuRDmNR72UjAgAVEcCar27Fy865UXGsj2hRJZ7KY/1s6kT3gu/w==",
      "requires": {
        "@nivo/colors": "0.79.1",
        "@react-spring/web": "9.3.1",
        "lodash": "^4.17.21"
      }
    },
    "@nivo/axes": {
      "version": "0.79.0",
      "resolved": "https://registry.npmjs.org/@nivo/axes/-/axes-0.79.0.tgz",
      "integrity": "sha512-EhSeCPxtWEuxqnifeyF/pIJEzL7pRM3rfygL+MpfT5ypu5NcXYRGQo/Bw0Vh+GF1ML+tNAE0rRvCu2jgLSdVNQ==",
      "requires": {
        "@nivo/scales": "0.79.0",
        "@react-spring/web": "9.3.1",
        "d3-format": "^1.4.4",
        "d3-time-format": "^3.0.0"
      }
    },
    "@nivo/bar": {
      "version": "0.79.1",
      "resolved": "https://registry.npmjs.org/@nivo/bar/-/bar-0.79.1.tgz",
      "integrity": "sha512-swJ2FtFeRPWJK9O6aZiqTDi2J6GrU2Z6kIHBBCXBlFmq6+vfd5AqOHytdXPTaN80JsKDBBdtY7tqRjpRPlDZwQ==",
      "requires": {
        "@nivo/annotations": "0.79.1",
        "@nivo/axes": "0.79.0",
        "@nivo/colors": "0.79.1",
        "@nivo/legends": "0.79.1",
        "@nivo/scales": "0.79.0",
        "@nivo/tooltip": "0.79.0",
        "@react-spring/web": "9.3.1",
        "d3-scale": "^3.2.3",
        "d3-shape": "^1.2.2",
        "lodash": "^4.17.21"
      }
    },
    "@nivo/colors": {
      "version": "0.79.1",
      "resolved": "https://registry.npmjs.org/@nivo/colors/-/colors-0.79.1.tgz",
      "integrity": "sha512-45huBmz46OoQtfqzHrnqDJ9msebOBX84fTijyOBi8mn8iTDOK2xWgzT7cCYP3hKE58IclkibkzVyWCeJ+rUlqg==",
      "requires": {
        "d3-color": "^2.0.0",
        "d3-scale": "^3.2.3",
        "d3-scale-chromatic": "^2.0.0",
        "lodash": "^4.17.21"
      }
    },
    "@nivo/core": {
      "version": "0.79.0",
      "resolved": "https://registry.npmjs.org/@nivo/core/-/core-0.79.0.tgz",
      "integrity": "sha512-e1iGodmGuXkF+QWAjhHVFc+lUnfBoUwaWqVcBXBfebzNc50tTJrTTMHyQczjgOIfTc8gEu23lAY4mVZCDKscig==",
      "requires": {
        "@nivo/recompose": "0.79.0",
        "@react-spring/web": "9.3.1",
        "d3-color": "^2.0.0",
        "d3-format": "^1.4.4",
        "d3-interpolate": "^2.0.1",
        "d3-scale": "^3.2.3",
        "d3-scale-chromatic": "^2.0.0",
        "d3-shape": "^1.3.5",
        "d3-time-format": "^3.0.0",
        "lodash": "^4.17.21"
      }
    },
    "@nivo/legends": {
      "version": "0.79.1",
      "resolved": "https://registry.npmjs.org/@nivo/legends/-/legends-0.79.1.tgz",
      "integrity": "sha512-AoabiLherOAk3/HR/N791fONxNdwNk/gCTJC/6BKUo2nX+JngEYm3nVFmTC1R6RdjwJTeCb9Vtuc4MHA+mcgig=="
    },
    "@nivo/recompose": {
      "version": "0.79.0",
      "resolved": "https://registry.npmjs.org/@nivo/recompose/-/recompose-0.79.0.tgz",
      "integrity": "sha512-2GFnOHfA2jzTOA5mdKMwJ6myCRGoXQQbQvFFQ7B/+hnHfU/yrOVpiGt6TPAn3qReC4dyDYrzy1hr9UeQh677ig==",
      "requires": {
        "react-lifecycles-compat": "^3.0.4"
      }
    },
    "@nivo/scales": {
      "version": "0.79.0",
      "resolved": "https://registry.npmjs.org/@nivo/scales/-/scales-0.79.0.tgz",
      "integrity": "sha512-5fAt5Wejp8yzAk6qmA3KU+celCxNYrrBhfvOi2ECDG8KQi+orbDnrO6qjVF6+ebfOn9az8ZVukcSeGA5HceiMg==",
      "requires": {
        "d3-scale": "^3.2.3",
        "d3-time": "^1.0.11",
        "d3-time-format": "^3.0.0",
        "lodash": "^4.17.21"
      }
    },
    "@nivo/tooltip": {
      "version": "0.79.0",
      "resolved": "https://registry.npmjs.org/@nivo/tooltip/-/tooltip-0.79.0.tgz",
      "integrity": "sha512-hsJsvhDVR9P/QqIEDIttaA6aslR3tU9So1s/k2jMdppL7J9ZH/IrVx9TbIP7jDKmnU5AMIP5uSstXj9JiKLhQA==",
      "requires": {
        "@react-spring/web": "9.3.1"
      }
    },
    "@react-spring/animated": {
      "version": "9.3.2",
      "resolved": "https://registry.npmjs.org/@react-spring/animated/-/animated-9.3.2.tgz",
      "integrity": "sha512-pBvKydRHbTzuyaeHtxGIOvnskZxGo/S5/YK1rtYm88b9NQZuZa95Rgd3O0muFL+99nvBMBL8cvQGD0UJmsqQsg==",
      "requires": {
        "@react-spring/shared": "~9.3.0",
        "@react-spring/types": "~9.3.0"
      }
    },
    "@react-spring/core": {
      "version": "9.3.2",
      "resolved": "https://registry.npmjs.org/@react-spring/core/-/core-9.3.2.tgz",
      "integrity": "sha512-kMRjkgdQ6LJ0lmb/wQlONpghaMT83UxglXHJC6m9kZS/GKVmN//TYMEK85xN1rC5Gg+BmjG61DtLCSkkLDTfNw==",
      "requires": {
        "@react-spring/animated": "~9.3.0",
        "@react-spring/shared": "~9.3.0",
        "@react-spring/types": "~9.3.0"
      }
    },
    "@react-spring/rafz": {
      "version": "9.3.2",
      "resolved": "https://registry.npmjs.org/@react-spring/rafz/-/rafz-9.3.2.tgz",
      "integrity": "sha512-YtqNnAYp5bl6NdnDOD5TcYS40VJmB+Civ4LPtcWuRPKDAOa/XAf3nep48r0wPTmkK936mpX8aIm7h+luW59u5A=="
    },
    "@react-spring/shared": {
      "version": "9.3.2",
      "resolved": "https://registry.npmjs.org/@react-spring/shared/-/shared-9.3.2.tgz",
      "integrity": "sha512-ypGQQ8w7mWnrELLon4h6mBCBxdd8j1pgLzmHXLpTC/f4ya2wdP+0WIKBWXJymIf+5NiTsXgSJra5SnHP5FBY+A==",
      "requires": {
        "@react-spring/rafz": "~9.3.0",
        "@react-spring/types": "~9.3.0"
      }
    },
    "@react-spring/types": {
      "version": "9.3.2",
      "resolved": "https://registry.npmjs.org/@react-spring/types/-/types-9.3.2.tgz",
      "integrity": "sha512-u+IK9z9Re4hjNkBYKebZr7xVDYTai2RNBsI4UPL/k0B6lCNSwuqWIXfKZUDVlMOeZHtDqayJn4xz6HcSkTj3FQ=="
    },
    "@react-spring/web": {
      "version": "9.3.1",
      "resolved": "https://registry.npmjs.org/@react-spring/web/-/web-9.3.1.tgz",
      "integrity": "sha512-sisZIgFGva/Z+xKWPSfXpukF0AP3kR9ALTxlHL87fVotMUCJX5vtH/YlVcywToEFwTHKt3MpI5Wy2M+vgVEeaw==",
      "requires": {
        "@react-spring/animated": "~9.3.0",
        "@react-spring/core": "~9.3.0",
        "@react-spring/shared": "~9.3.0",
        "@react-spring/types": "~9.3.0"
      }
    },
    "@types/prop-types": {
      "version": "15.7.5",
      "resolved": "https://registry.npmjs.org/@types/prop-types/-/prop-types-15.7.5.tgz",
      "integrity": "sha512-JCB8C6SnDoQf0cNycqd/35A7MjcnK+ZTqE7judS6o7utxUCg6imJg3QK2qzHKszlTjcj2cn+NwMB2i96ubpj7w=="
    },
    "@types/react": {
      "version": "18.0.6",
      "resolved": "https://registry.npmjs.org/@types/react/-/react-18.0.6.tgz",
      "integrity": "sha512-bPqwzJRzKtfI0mVYr5R+1o9BOE8UEXefwc1LwcBtfnaAn6OoqMhLa/91VA8aeWfDPJt1kHvYKI8RHcQybZLHHA==",
      "requires": {
        "@types/prop-types": "*",
        "@types/scheduler": "*",
        "csstype": "^3.0.2"
      }
    },
    "@types/react-is": {
      "version": "17.0.3",
      "resolved": "https://registry.npmjs.org/@types/react-is/-/react-is-17.0.3.tgz",
      "integrity": "sha512-aBTIWg1emtu95bLTLx0cpkxwGW3ueZv71nE2YFBpL8k/z5czEW8yYpOo8Dp+UUAFAtKwNaOsh/ioSeQnWlZcfw==",
      "requires": {
        "@types/react": "*"
      }
    },
    "@types/scheduler": {
      "version": "0.16.2",
      "resolved": "https://registry.npmjs.org/@types/scheduler/-/scheduler-0.16.2.tgz",
      "integrity": "sha512-hppQEBDmlwhFAXKJX2KnWLYu5yMfi91yazPb2l+lbJiwW+wdo1gNeRA+3RgNSO39WYX2euey41KEwnqesU2Jew=="
    },
    "chart.js": {
      "version": "3.7.1",
      "resolved": "https://registry.npmjs.org/chart.js/-/chart.js-3.7.1.tgz",
      "integrity": "sha512-8knRegQLFnPQAheZV8MjxIXc5gQEfDFD897BJgv/klO/vtIyFFmgMXrNfgrXpbTr/XbTturxRgxIXx/Y+ASJBA=="
    },
    "clsx": {
      "version": "1.1.1",
      "resolved": "https://registry.npmjs.org/clsx/-/clsx-1.1.1.tgz",
      "integrity": "sha512-6/bPho624p3S2pMyvP5kKBPXnI3ufHLObBFCfgx+LkeR5lg2XYy2hqZqUf45ypD8COn2bhgGJSUE+l5dhNBieA=="
    },
    "css-vendor": {
      "version": "2.0.8",
      "resolved": "https://registry.npmjs.org/css-vendor/-/css-vendor-2.0.8.tgz",
      "integrity": "sha512-x9Aq0XTInxrkuFeHKbYC7zWY8ai7qJ04Kxd9MnvbC1uO5DagxoHQjm4JvG+vCdXOoFtCjbL2XSZfxmoYa9uQVQ==",
      "requires": {
        "@babel/runtime": "^7.8.3",
        "is-in-browser": "^1.0.2"
      }
    },
    "csstype": {
      "version": "3.0.11",
      "resolved": "https://registry.npmjs.org/csstype/-/csstype-3.0.11.tgz",
      "integrity": "sha512-sa6P2wJ+CAbgyy4KFssIb/JNMLxFvKF1pCYCSXS8ZMuqZnMsrxqI2E5sPyoTpxoPU/gVZMzr2zjOfg8GIZOMsw=="
    },
    "d3-array": {
      "version": "2.12.1",
      "resolved": "https://registry.npmjs.org/d3-array/-/d3-array-2.12.1.tgz",
      "integrity": "sha512-B0ErZK/66mHtEsR1TkPEEkwdy+WDesimkM5gpZr5Dsg54BiTA5RXtYW5qTLIAcekaS9xfZrzBLF/OAkB3Qn1YQ==",
      "requires": {
        "internmap": "^1.0.0"
      }
    },
    "d3-color": {
      "version": "2.0.0",
      "resolved": "https://registry.npmjs.org/d3-color/-/d3-color-2.0.0.tgz",
      "integrity": "sha512-SPXi0TSKPD4g9tw0NMZFnR95XVgUZiBH+uUTqQuDu1OsE2zomHU7ho0FISciaPvosimixwHFl3WHLGabv6dDgQ=="
    },
    "d3-format": {
      "version": "1.4.5",
      "resolved": "https://registry.npmjs.org/d3-format/-/d3-format-1.4.5.tgz",
      "integrity": "sha512-J0piedu6Z8iB6TbIGfZgDzfXxUFN3qQRMofy2oPdXzQibYGqPB/9iMcxr/TGalU+2RsyDO+U4f33id8tbnSRMQ=="
    },
    "d3-interpolate": {
      "version": "2.0.1",
      "resolved": "https://registry.npmjs.org/d3-interpolate/-/d3-interpolate-2.0.1.tgz",
      "integrity": "sha512-c5UhwwTs/yybcmTpAVqwSFl6vrQ8JZJoT5F7xNFK9pymv5C0Ymcc9/LIJHtYIggg/yS9YHw8i8O8tgb9pupjeQ==",
      "requires": {
        "d3-color": "1 - 2"
      }
    },
    "d3-path": {
      "version": "1.0.9",
      "resolved": "https://registry.npmjs.org/d3-path/-/d3-path-1.0.9.tgz",
      "integrity": "sha512-VLaYcn81dtHVTjEHd8B+pbe9yHWpXKZUC87PzoFmsFrJqgFwDe/qxfp5MlfsfM1V5E/iVt0MmEbWQ7FVIXh/bg=="
    },
    "d3-scale": {
      "version": "3.3.0",
      "resolved": "https://registry.npmjs.org/d3-scale/-/d3-scale-3.3.0.tgz",
      "integrity": "sha512-1JGp44NQCt5d1g+Yy+GeOnZP7xHo0ii8zsQp6PGzd+C1/dl0KGsp9A7Mxwp+1D1o4unbTTxVdU/ZOIEBoeZPbQ==",
      "requires": {
        "d3-array": "^2.3.0",
        "d3-format": "1 - 2",
        "d3-interpolate": "1.2.0 - 2",
        "d3-time": "^2.1.1",
        "d3-time-format": "2 - 3"
      },
      "dependencies": {
        "d3-time": {
          "version": "2.1.1",
          "resolved": "https://registry.npmjs.org/d3-time/-/d3-time-2.1.1.tgz",
          "integrity": "sha512-/eIQe/eR4kCQwq7yxi7z4c6qEXf2IYGcjoWB5OOQy4Tq9Uv39/947qlDcN2TLkiTzQWzvnsuYPB9TrWaNfipKQ==",
          "requires": {
            "d3-array": "2"
          }
        }
      }
    },
    "d3-scale-chromatic": {
      "version": "2.0.0",
      "resolved": "https://registry.npmjs.org/d3-scale-chromatic/-/d3-scale-chromatic-2.0.0.tgz",
      "integrity": "sha512-LLqy7dJSL8yDy7NRmf6xSlsFZ6zYvJ4BcWFE4zBrOPnQERv9zj24ohnXKRbyi9YHnYV+HN1oEO3iFK971/gkzA==",
      "requires": {
        "d3-color": "1 - 2",
        "d3-interpolate": "1 - 2"
      }
    },
    "d3-shape": {
      "version": "1.3.7",
      "resolved": "https://registry.npmjs.org/d3-shape/-/d3-shape-1.3.7.tgz",
      "integrity": "sha512-EUkvKjqPFUAZyOlhY5gzCxCeI0Aep04LwIRpsZ/mLFelJiUfnK56jo5JMDSE7yyP2kLSb6LtF+S5chMk7uqPqw==",
      "requires": {
        "d3-path": "1"
      }
    },
    "d3-time": {
      "version": "1.1.0",
      "resolved": "https://registry.npmjs.org/d3-time/-/d3-time-1.1.0.tgz",
      "integrity": "sha512-Xh0isrZ5rPYYdqhAVk8VLnMEidhz5aP7htAADH6MfzgmmicPkTo8LhkLxci61/lCB7n7UmE3bN0leRt+qvkLxA=="
    },
    "d3-time-format": {
      "version": "3.0.0",
      "resolved": "https://registry.npmjs.org/d3-time-format/-/d3-time-format-3.0.0.tgz",
      "integrity": "sha512-UXJh6EKsHBTjopVqZBhFysQcoXSv/5yLONZvkQ5Kk3qbwiUYkdX17Xa1PT6U1ZWXGGfB1ey5L8dKMlFq2DO0Ag==",
      "requires": {
        "d3-time": "1 - 2"
      }
    },
    "hoist-non-react-statics": {
      "version": "3.3.2",
      "resolved": "https://registry.npmjs.org/hoist-non-react-statics/-/hoist-non-react-statics-3.3.2.tgz",
      "integrity": "sha512-/gGivxi8JPKWNm/W0jSmzcMPpfpPLc3dY/6GxhX2hQ9iGj3aDfklV4ET7NjKpSinLpJ5vafa9iiGIEZg10SfBw==",
      "requires": {
        "react-is": "^16.7.0"
      },
      "dependencies": {
        "react-is": {
          "version": "16.13.1",
          "resolved": "https://registry.npmjs.org/react-is/-/react-is-16.13.1.tgz",
          "integrity": "sha512-24e6ynE2H+OKt4kqsOvNd8kBpV65zoxbA4BVsEOB3ARVWQki/DHzaUoC5KuON/BiccDaCCTZBuOcfZs70kR8bQ=="
        }
      }
    },
    "hyphenate-style-name": {
      "version": "1.0.4",
      "resolved": "https://registry.npmjs.org/hyphenate-style-name/-/hyphenate-style-name-1.0.4.tgz",
      "integrity": "sha512-ygGZLjmXfPHj+ZWh6LwbC37l43MhfztxetbFCoYTM2VjkIUpeHgSNn7QIyVFj7YQ1Wl9Cbw5sholVJPzWvC2MQ=="
    },
    "internmap": {
      "version": "1.0.1",
      "resolved": "https://registry.npmjs.org/internmap/-/internmap-1.0.1.tgz",
      "integrity": "sha512-lDB5YccMydFBtasVtxnZ3MRBHuaoE8GKsppq+EchKL2U4nK/DmEpPHNH8MZe5HkMtpSiTSOZwfN0tzYjO/lJEw=="
    },
    "is-in-browser": {
      "version": "1.1.3",
      "resolved": "https://registry.npmjs.org/is-in-browser/-/is-in-browser-1.1.3.tgz",
      "integrity": "sha1-Vv9NtoOgeMYILrldrX3GLh0E+DU="
    },
    "js-tokens": {
      "version": "4.0.0",
      "resolved": "https://registry.npmjs.org/js-tokens/-/js-tokens-4.0.0.tgz",
      "integrity": "sha512-RdJUflcE3cUzKiMqQgsCu06FPu9UdIJO0beYbPhHN4k6apgJtifcoCtT9bcxOpYBtpD2kCM6Sbzg4CausW/PKQ=="
    },
    "jss": {
      "version": "10.9.0",
      "resolved": "https://registry.npmjs.org/jss/-/jss-10.9.0.tgz",
      "integrity": "sha512-YpzpreB6kUunQBbrlArlsMpXYyndt9JATbt95tajx0t4MTJJcCJdd4hdNpHmOIDiUJrF/oX5wtVFrS3uofWfGw==",
      "requires": {
        "@babel/runtime": "^7.3.1",
        "csstype": "^3.0.2",
        "is-in-browser": "^1.1.3",
        "tiny-warning": "^1.0.2"
      }
    },
    "jss-plugin-camel-case": {
      "version": "10.9.0",
      "resolved": "https://registry.npmjs.org/jss-plugin-camel-case/-/jss-plugin-camel-case-10.9.0.tgz",
      "integrity": "sha512-UH6uPpnDk413/r/2Olmw4+y54yEF2lRIV8XIZyuYpgPYTITLlPOsq6XB9qeqv+75SQSg3KLocq5jUBXW8qWWww==",
      "requires": {
        "@babel/runtime": "^7.3.1",
        "hyphenate-style-name": "^1.0.3",
        "jss": "10.9.0"
      }
    },
    "jss-plugin-default-unit": {
      "version": "10.9.0",
      "resolved": "https://registry.npmjs.org/jss-plugin-default-unit/-/jss-plugin-default-unit-10.9.0.tgz",
      "integrity": "sha512-7Ju4Q9wJ/MZPsxfu4T84mzdn7pLHWeqoGd/D8O3eDNNJ93Xc8PxnLmV8s8ZPNRYkLdxZqKtm1nPQ0BM4JRlq2w==",
      "requires": {
        "@babel/runtime": "^7.3.1",
        "jss": "10.9.0"
      }
    },
    "jss-plugin-global": {
      "version": "10.9.0",
      "resolved": "https://registry.npmjs.org/jss-plugin-global/-/jss-plugin-global-10.9.0.tgz",
      "integrity": "sha512-4G8PHNJ0x6nwAFsEzcuVDiBlyMsj2y3VjmFAx/uHk/R/gzJV+yRHICjT4MKGGu1cJq2hfowFWCyrr/Gg37FbgQ==",
      "requires": {
        "@babel/runtime": "^7.3.1",
        "jss": "10.9.0"
      }
    },
    "jss-plugin-nested": {
      "version": "10.9.0",
      "resolved": "https://registry.npmjs.org/jss-plugin-nested/-/jss-plugin-nested-10.9.0.tgz",
      "integrity": "sha512-2UJnDrfCZpMYcpPYR16oZB7VAC6b/1QLsRiAutOt7wJaaqwCBvNsosLEu/fUyKNQNGdvg2PPJFDO5AX7dwxtoA==",
      "requires": {
        "@babel/runtime": "^7.3.1",
        "jss": "10.9.0",
        "tiny-warning": "^1.0.2"
      }
    },
    "jss-plugin-props-sort": {
      "version": "10.9.0",
      "resolved": "https://registry.npmjs.org/jss-plugin-props-sort/-/jss-plugin-props-sort-10.9.0.tgz",
      "integrity": "sha512-7A76HI8bzwqrsMOJTWKx/uD5v+U8piLnp5bvru7g/3ZEQOu1+PjHvv7bFdNO3DwNPC9oM0a//KwIJsIcDCjDzw==",
      "requires": {
        "@babel/runtime": "^7.3.1",
        "jss": "10.9.0"
      }
    },
    "jss-plugin-rule-value-function": {
      "version": "10.9.0",
      "resolved": "https://registry.npmjs.org/jss-plugin-rule-value-function/-/jss-plugin-rule-value-function-10.9.0.tgz",
      "integrity": "sha512-IHJv6YrEf8pRzkY207cPmdbBstBaE+z8pazhPShfz0tZSDtRdQua5jjg6NMz3IbTasVx9FdnmptxPqSWL5tyJg==",
      "requires": {
        "@babel/runtime": "^7.3.1",
        "jss": "10.9.0",
        "tiny-warning": "^1.0.2"
      }
    },
    "jss-plugin-vendor-prefixer": {
      "version": "10.9.0",
      "resolved": "https://registry.npmjs.org/jss-plugin-vendor-prefixer/-/jss-plugin-vendor-prefixer-10.9.0.tgz",
      "integrity": "sha512-MbvsaXP7iiVdYVSEoi+blrW+AYnTDvHTW6I6zqi7JcwXdc6I9Kbm234nEblayhF38EftoenbM+5218pidmC5gA==",
      "requires": {
        "@babel/runtime": "^7.3.1",
        "css-vendor": "^2.0.8",
        "jss": "10.9.0"
      }
    },
    "lodash": {
      "version": "4.17.21",
      "resolved": "https://registry.npmjs.org/lodash/-/lodash-4.17.21.tgz",
      "integrity": "sha512-v2kDEe57lecTulaDIuNTPy3Ry4gLGJ6Z1O3vE1krgXZNrsQ+LFTGHVxVjcXPs17LhbZVGedAJv8XZ1tvj5FvSg=="
    },
    "loose-envify": {
      "version": "1.4.0",
      "resolved": "https://registry.npmjs.org/loose-envify/-/loose-envify-1.4.0.tgz",
      "integrity": "sha512-lyuxPGr/Wfhrlem2CL/UcnUc1zcqKAImBDzukY7Y5F/yQiNdko6+fRLevlw1HgMySw7f611UIY408EtxRSoK3Q==",
      "requires": {
        "js-tokens": "^3.0.0 || ^4.0.0"
      }
    },
    "object-assign": {
      "version": "4.1.1",
      "resolved": "https://registry.npmjs.org/object-assign/-/object-assign-4.1.1.tgz",
      "integrity": "sha1-IQmtx5ZYh8/AXLvUQsrIv7s2CGM="
    },
    "prop-types": {
      "version": "15.8.1",
      "resolved": "https://registry.npmjs.org/prop-types/-/prop-types-15.8.1.tgz",
      "integrity": "sha512-oj87CgZICdulUohogVAR7AjlC0327U4el4L6eAvOqCeudMDVU0NThNaV+b9Df4dXgSP1gXMTnPdhfe/2qDH5cg==",
      "requires": {
        "loose-envify": "^1.4.0",
        "object-assign": "^4.1.1",
        "react-is": "^16.13.1"
      },
      "dependencies": {
        "react-is": {
          "version": "16.13.1",
          "resolved": "https://registry.npmjs.org/react-is/-/react-is-16.13.1.tgz",
          "integrity": "sha512-24e6ynE2H+OKt4kqsOvNd8kBpV65zoxbA4BVsEOB3ARVWQki/DHzaUoC5KuON/BiccDaCCTZBuOcfZs70kR8bQ=="
        }
      }
    },
    "react-chartjs-2": {
      "version": "4.1.0",
      "resolved": "https://registry.npmjs.org/react-chartjs-2/-/react-chartjs-2-4.1.0.tgz",
      "integrity": "sha512-AsUihxEp8Jm1oBhbEovE+w50m9PVNhz1sfwEIT4hZduRC0m14gHWHd0cUaxkFDb8HNkdMIGzsNlmVqKiOpU74g=="
    },
    "react-is": {
      "version": "17.0.2",
      "resolved": "https://registry.npmjs.org/react-is/-/react-is-17.0.2.tgz",
      "integrity": "sha512-w2GsyukL62IJnlaff/nRegPQR94C/XXamvMWmSHRJ4y7Ts/4ocGRmTHvOs8PSE6pB3dWOrD/nueuU5sduBsQ4w=="
    },
    "react-lifecycles-compat": {
      "version": "3.0.4",
      "resolved": "https://registry.npmjs.org/react-lifecycles-compat/-/react-lifecycles-compat-3.0.4.tgz",
      "integrity": "sha512-fBASbA6LnOU9dOU2eW7aQ8xmYBSXUIWr+UmF9b1efZBazGNO+rcXT/icdKnYm2pTwcRylVUYwW7H1PHfLekVzA=="
    },
    "react-minimal-pie-chart": {
      "version": "8.3.0",
      "resolved": "https://registry.npmjs.org/react-minimal-pie-chart/-/react-minimal-pie-chart-8.3.0.tgz",
      "integrity": "sha512-ICot74PGPrmGkaie8O+5tRZ5ivukYQ3fRN5ppvw1J01sIa5tHO9cekakyv9nXUkxKifiKn/FQu5uWHfSD39mRQ=="
    },
    "regenerator-runtime": {
      "version": "0.13.9",
      "resolved": "https://registry.npmjs.org/regenerator-runtime/-/regenerator-runtime-0.13.9.tgz",
      "integrity": "sha512-p3VT+cOEgxFsRRA9X4lkI1E+k2/CtnKtU4gcxyaCUreilL/vqI6CdZ3wxVUx3UOUg+gnUOQQcRI7BmSI656MYA=="
    },
    "tiny-warning": {
      "version": "1.0.3",
      "resolved": "https://registry.npmjs.org/tiny-warning/-/tiny-warning-1.0.3.tgz",
      "integrity": "sha512-lBN9zLN/oAf68o3zNXYrdCt1kP8WsiGW8Oo2ka41b2IM5JL/S1CTyX1rW0mb/zSuJun0ZUrDxx4sqvYS2FWzPA=="
    }
  }
}
